<?xml version="1.0" encoding="utf-8"?>
<Project ToolsVersion="4.0" xmlns="http://schemas.microsoft.com/developer/msbuild/2003">
  <ItemGroup>
    <Filter Include="ImGUI">
      <UniqueIdentifier>{7937bce0-2d36-4d08-b6e4-6d26a670a6a1}</UniqueIdentifier>
    </Filter>
    <Filter Include="ImGUI\Iimpl">
      <UniqueIdentifier>{9602d929-8460-4723-b650-de68eeaab4c1}</UniqueIdentifier>
    </Filter>
    <Filter Include="stb">
      <UniqueIdentifier>{eecab1f7-2e85-40d5-a5dc-bd798fcbc89b}</UniqueIdentifier>
    </Filter>
    <Filter Include="struse">
      <UniqueIdentifier>{32eaf232-099f-4640-a188-6cddcbdf30ee}</UniqueIdentifier>
    </Filter>
    <Filter Include="views">
      <UniqueIdentifier>{b432ed33-9439-4064-8bca-c4b0e451c3ca}</UniqueIdentifier>
    </Filter>
    <Filter Include="data">
      <UniqueIdentifier>{28c7c175-d940-4363-bfc4-5f9f2c7c378f}</UniqueIdentifier>
    </Filter>
  </ItemGroup>
  <ItemGroup>
    <ClInclude Include="imgui\imconfig.h">
      <Filter>ImGUI</Filter>
    </ClInclude>
    <ClInclude Include="imgui\imgui.h">
      <Filter>ImGUI</Filter>
    </ClInclude>
    <ClInclude Include="imgui\imgui_internal.h">
      <Filter>ImGUI</Filter>
    </ClInclude>
    <ClInclude Include="Image.h" />
    <ClInclude Include="Config.h" />
    <ClInclude Include="FileDialog.h" />
    <ClInclude Include="stb\stb_image.h">
      <Filter>stb</Filter>
    </ClInclude>
    <ClInclude Include="struse\struse.h">
      <Filter>struse</Filter>
    </ClInclude>
    <ClInclude Include="struse\xml.h">
      <Filter>struse</Filter>
    </ClInclude>
    <ClInclude Include="Files.h" />
    <ClInclude Include="ViceBinInterface.h" />
    <ClInclude Include="platform.h" />
    <ClInclude Include="C64Colors.h" />
    <ClInclude Include="views\ToolBar.h">
      <Filter>views</Filter>
    </ClInclude>
    <ClInclude Include="views\Views.h">
      <Filter>views</Filter>
    </ClInclude>
    <ClInclude Include="data\C64_Pro_Mono-STYLE.ttf.h">
      <Filter>data</Filter>
    </ClInclude>
    <ClInclude Include="6510.h" />
    <ClInclude Include="views\RegView.h">
      <Filter>views</Filter>
    </ClInclude>
    <ClInclude Include="ImGui_Helper.h" />
    <ClInclude Include="views\MemView.h">
      <Filter>views</Filter>
    </ClInclude>
    <ClInclude Include="Expressions.h" />
    <ClInclude Include="Sym.h" />
    <ClInclude Include="HashTable.h" />
    <ClInclude Include="ViceInterface.h" />
    <ClInclude Include="views\CodeView.h">
      <Filter>views</Filter>
    </ClInclude>
    <ClInclude Include="Mnemonics.h" />
    <ClInclude Include="views\ConsoleView.h">
      <Filter>views</Filter>
    </ClInclude>
    <ClInclude Include="views\FilesView.h">
      <Filter>views</Filter>
    </ClInclude>
    <ClInclude Include="views\ScreenView.h">
      <Filter>views</Filter>
    </ClInclude>
    <ClInclude Include="SourceDebug.h" />
    <ClInclude Include="imgui\backends\imgui_impl_glfw.h">
      <Filter>ImGUI\Iimpl</Filter>
    </ClInclude>
    <ClInclude Include="imgui\backends\imgui_impl_opengl2.h">
      <Filter>ImGUI\Iimpl</Filter>
    </ClInclude>
    <ClInclude Include="views\WatchView.h">
      <Filter>views</Filter>
    </ClInclude>
    <ClInclude Include="Breakpoints.h" />
    <ClInclude Include="views\BreakpointView.h">
      <Filter>views</Filter>
    </ClInclude>
    <ClInclude Include="views\SymbolView.h">
      <Filter>views</Filter>
    </ClInclude>
    <ClInclude Include="views\GfxView.h">
      <Filter>views</Filter>
    </ClInclude>
    <ClInclude Include="views\SectionView.h">
      <Filter>views</Filter>
    </ClInclude>
  </ItemGroup>
  <ItemGroup>
    <ClCompile Include="imgui\imgui.cpp">
      <Filter>ImGUI</Filter>
    </ClCompile>
    <ClCompile Include="imgui\imgui_draw.cpp">
      <Filter>ImGUI</Filter>
    </ClCompile>
    <ClCompile Include="imgui\imgui_widgets.cpp">
      <Filter>ImGUI</Filter>
    </ClCompile>
    <ClCompile Include="Image.cpp" />
    <ClCompile Include="Config.cpp" />
    <ClCompile Include="FileDialog.cpp" />
    <ClCompile Include="struse\xml.cpp">
      <Filter>struse</Filter>
    </ClCompile>
    <ClCompile Include="Files.cpp" />
    <ClCompile Include="IceBroLite.cpp" />
    <ClCompile Include="struse.cpp" />
    <ClCompile Include="ViceInterface.cpp" />
    <ClCompile Include="Platform.cpp" />
    <ClCompile Include="views\ToolBar.cpp">
      <Filter>views</Filter>
    </ClCompile>
    <ClCompile Include="C64Colors.cpp" />
    <ClCompile Include="Icons.cpp" />
    <ClCompile Include="views\Views.cpp">
      <Filter>views</Filter>
    </ClCompile>
    <ClCompile Include="data\C64_Pro_Mono-STYLE.ttf.cpp">
      <Filter>data</Filter>
    </ClCompile>
    <ClCompile Include="6510.cpp" />
    <ClCompile Include="views\RegView.cpp">
      <Filter>views</Filter>
    </ClCompile>
    <ClCompile Include="ImGui_Helper.cpp" />
    <ClCompile Include="views\MemView.cpp">
      <Filter>views</Filter>
    </ClCompile>
    <ClCompile Include="Expressions.cpp" />
    <ClCompile Include="sym.cpp" />
    <ClCompile Include="views\CodeView.cpp">
      <Filter>views</Filter>
    </ClCompile>
    <ClCompile Include="Mnemonics.cpp" />
    <ClCompile Include="views\ConsoleView.cpp">
      <Filter>views</Filter>
    </ClCompile>
    <ClCompile Include="views\FilesView.cpp">
      <Filter>views</Filter>
    </ClCompile>
    <ClCompile Include="views\ScreenView.cpp">
      <Filter>views</Filter>
    </ClCompile>
    <ClCompile Include="SourceDebug.cpp" />
    <ClCompile Include="ViceMonitorInterface.cpp" />
    <ClCompile Include="imgui\backends\imgui_impl_glfw.cpp">
      <Filter>ImGUI\Iimpl</Filter>
    </ClCompile>
    <ClCompile Include="imgui\backends\imgui_impl_opengl2.cpp">
      <Filter>ImGUI\Iimpl</Filter>
    </ClCompile>
    <ClCompile Include="imgui\imgui_tables.cpp">
      <Filter>ImGUI</Filter>
    </ClCompile>
    <ClCompile Include="views\WatchView.cpp">
      <Filter>views</Filter>
    </ClCompile>
    <ClCompile Include="views\BreakpointView.cpp">
      <Filter>views</Filter>
    </ClCompile>
    <ClCompile Include="Breakpoints.cpp" />
    <ClCompile Include="views\SymbolView.cpp">
      <Filter>views</Filter>
    </ClCompile>
    <ClCompile Include="views\GfxView.cpp">
      <Filter>views</Filter>
    </ClCompile>
    <ClCompile Include="views\SectionView.cpp">
      <Filter>views</Filter>
    </ClCompile>
  </ItemGroup>
  <ItemGroup>
    <Natvis Include="imgui\misc\natvis\imgui.natvis">
      <Filter>ImGUI</Filter>
    </Natvis>
    <Natvis Include="struse\struse.natvis">
      <Filter>struse</Filter>
    </Natvis>
  </ItemGroup>
  <ItemGroup>
    <Text Include="data\license.txt">
      <Filter>data</Filter>
    </Text>
  </ItemGroup>
</Project>