
Microsoft Visual Studio Solution File, Format Version 12.00
# Visual Studio Version 16
VisualStudioVersion = 16.0.30406.217
MinimumVisualStudioVersion = 10.0.40219.1
Project("{8BC9CEB8-8B4A-11D0-8D11-00A0C91BC942}") = "IceBroLite", "IceBroLite.vcxproj", "{F5AF93FB-AD83-4E29-AF8E-5DA5AB84702F}"
EndProject
Global
	GlobalSection(SolutionConfigurationPlatforms) = preSolution
		Debug|x64 = Debug|x64
		Debug|x86 = Debug|x86
		Release|x64 = Release|x64
		Release|x86 = Release|x86
	EndGlobalSection
	GlobalSection(ProjectConfigurationPlatforms) = postSolution
		{F5AF93FB-AD83-4E29-AF8E-5DA5AB84702F}.Debug|x64.ActiveCfg = Debug|x64
		{F5AF93FB-AD83-4E29-AF8E-5DA5AB84702F}.Debug|x64.Build.0 = Debug|x64
		{F5AF93FB-AD83-4E29-AF8E-5DA5AB84702F}.Debug|x86.ActiveCfg = Debug|Win32
		{F5AF93FB-AD83-4E29-AF8E-5DA5AB84702F}.Debug|x86.Build.0 = Debug|Win32
		{F5AF93FB-AD83-4E29-AF8E-5DA5AB84702F}.Release|x64.ActiveCfg = Release|x64
		{F5AF93FB-AD83-4E29-AF8E-5DA5AB84702F}.Release|x64.Build.0 = Release|x64
		{F5AF93FB-AD83-4E29-AF8E-5DA5AB84702F}.Release|x86.ActiveCfg = Release|Win32
		{F5AF93FB-AD83-4E29-AF8E-5DA5AB84702F}.Release|x86.Build.0 = Release|Win32
	EndGlobalSection
	GlobalSection(SolutionProperties) = preSolution
		HideSolutionNode = FALSE
	EndGlobalSection
	GlobalSection(ExtensibilityGlobals) = postSolution
		SolutionGuid = {47D3DC9E-7A37-4DA5-AEF1-09190B177202}
	EndGlobalSection
EndGlobal
